// !$*UTF8*$!
{
	archiveVersion = 1;
	classes = {
	};
	objectVersion = 56;
	objects = {

/* Begin PBXBuildFile section */
		225B966129324E3B00808B04 /* AppDelegate.swift in Sources */ = {isa = PBXBuildFile; fileRef = 225B966029324E3B00808B04 /* AppDelegate.swift */; };
		225B966329324E3B00808B04 /* SceneDelegate.swift in Sources */ = {isa = PBXBuildFile; fileRef = 225B966229324E3B00808B04 /* SceneDelegate.swift */; };
		225B966529324E3B00808B04 /* ViewController.swift in Sources */ = {isa = PBXBuildFile; fileRef = 225B966429324E3B00808B04 /* ViewController.swift */; };
		225B966829324E3B00808B04 /* Main.storyboard in Resources */ = {isa = PBXBuildFile; fileRef = 225B966629324E3B00808B04 /* Main.storyboard */; };
		225B966A29324E3C00808B04 /* Assets.xcassets in Resources */ = {isa = PBXBuildFile; fileRef = 225B966929324E3C00808B04 /* Assets.xcassets */; };
		225B966D29324E3C00808B04 /* LaunchScreen.storyboard in Resources */ = {isa = PBXBuildFile; fileRef = 225B966B29324E3C00808B04 /* LaunchScreen.storyboard */; };
		225B96762932503600808B04 /* FirebaseAnalytics in Frameworks */ = {isa = PBXBuildFile; productRef = 225B96752932503600808B04 /* FirebaseAnalytics */; };
		225B96782932503600808B04 /* FirebaseAnalyticsOnDeviceConversion in Frameworks */ = {isa = PBXBuildFile; productRef = 225B96772932503600808B04 /* FirebaseAnalyticsOnDeviceConversion */; };
		225B967A2932503600808B04 /* FirebaseAnalyticsSwift in Frameworks */ = {isa = PBXBuildFile; productRef = 225B96792932503600808B04 /* FirebaseAnalyticsSwift */; };
		225B967C2932503600808B04 /* FirebaseAnalyticsWithoutAdIdSupport in Frameworks */ = {isa = PBXBuildFile; productRef = 225B967B2932503600808B04 /* FirebaseAnalyticsWithoutAdIdSupport */; };
		225B967E2932503600808B04 /* FirebaseAppCheck in Frameworks */ = {isa = PBXBuildFile; productRef = 225B967D2932503600808B04 /* FirebaseAppCheck */; };
		225B96802932503600808B04 /* FirebaseAppDistribution-Beta in Frameworks */ = {isa = PBXBuildFile; productRef = 225B967F2932503600808B04 /* FirebaseAppDistribution-Beta */; };
		225B96822932503600808B04 /* FirebaseAuth in Frameworks */ = {isa = PBXBuildFile; productRef = 225B96812932503600808B04 /* FirebaseAuth */; };
		225B96842932503600808B04 /* FirebaseAuthCombine-Community in Frameworks */ = {isa = PBXBuildFile; productRef = 225B96832932503600808B04 /* FirebaseAuthCombine-Community */; };
		225B96862932503600808B04 /* FirebaseCrashlytics in Frameworks */ = {isa = PBXBuildFile; productRef = 225B96852932503600808B04 /* FirebaseCrashlytics */; };
		225B96882932503600808B04 /* FirebaseDatabase in Frameworks */ = {isa = PBXBuildFile; productRef = 225B96872932503600808B04 /* FirebaseDatabase */; };
		225B968A2932503600808B04 /* FirebaseDatabaseSwift in Frameworks */ = {isa = PBXBuildFile; productRef = 225B96892932503600808B04 /* FirebaseDatabaseSwift */; };
		225B968C2932503600808B04 /* FirebaseDynamicLinks in Frameworks */ = {isa = PBXBuildFile; productRef = 225B968B2932503600808B04 /* FirebaseDynamicLinks */; };
		225B968E2932503600808B04 /* FirebaseFirestore in Frameworks */ = {isa = PBXBuildFile; productRef = 225B968D2932503600808B04 /* FirebaseFirestore */; };
		225B96902932503600808B04 /* FirebaseFirestoreCombine-Community in Frameworks */ = {isa = PBXBuildFile; productRef = 225B968F2932503600808B04 /* FirebaseFirestoreCombine-Community */; };
		225B96922932503600808B04 /* FirebaseFirestoreSwift in Frameworks */ = {isa = PBXBuildFile; productRef = 225B96912932503600808B04 /* FirebaseFirestoreSwift */; };
		225B96942932503600808B04 /* FirebaseFunctions in Frameworks */ = {isa = PBXBuildFile; productRef = 225B96932932503600808B04 /* FirebaseFunctions */; };
		225B96962932503600808B04 /* FirebaseFunctionsCombine-Community in Frameworks */ = {isa = PBXBuildFile; productRef = 225B96952932503600808B04 /* FirebaseFunctionsCombine-Community */; };
		225B96982932503600808B04 /* FirebaseInAppMessaging-Beta in Frameworks */ = {isa = PBXBuildFile; productRef = 225B96972932503600808B04 /* FirebaseInAppMessaging-Beta */; };
		225B969A2932503600808B04 /* FirebaseInAppMessagingSwift-Beta in Frameworks */ = {isa = PBXBuildFile; productRef = 225B96992932503600808B04 /* FirebaseInAppMessagingSwift-Beta */; };
		225B969C2932503600808B04 /* FirebaseInstallations in Frameworks */ = {isa = PBXBuildFile; productRef = 225B969B2932503600808B04 /* FirebaseInstallations */; };
		225B969E2932503600808B04 /* FirebaseMLModelDownloader in Frameworks */ = {isa = PBXBuildFile; productRef = 225B969D2932503600808B04 /* FirebaseMLModelDownloader */; };
		225B96A02932503600808B04 /* FirebaseMessaging in Frameworks */ = {isa = PBXBuildFile; productRef = 225B969F2932503600808B04 /* FirebaseMessaging */; };
		225B96A22932503600808B04 /* FirebasePerformance in Frameworks */ = {isa = PBXBuildFile; productRef = 225B96A12932503600808B04 /* FirebasePerformance */; };
		225B96A42932503600808B04 /* FirebaseRemoteConfig in Frameworks */ = {isa = PBXBuildFile; productRef = 225B96A32932503600808B04 /* FirebaseRemoteConfig */; };
		225B96A62932503600808B04 /* FirebaseRemoteConfigSwift in Frameworks */ = {isa = PBXBuildFile; productRef = 225B96A52932503600808B04 /* FirebaseRemoteConfigSwift */; };
		225B96A82932503600808B04 /* FirebaseStorage in Frameworks */ = {isa = PBXBuildFile; productRef = 225B96A72932503600808B04 /* FirebaseStorage */; };
		225B96AA2932503600808B04 /* FirebaseStorageCombine-Community in Frameworks */ = {isa = PBXBuildFile; productRef = 225B96A92932503600808B04 /* FirebaseStorageCombine-Community */; };
		225B96AC293253F900808B04 /* GoogleService-Info.plist in Resources */ = {isa = PBXBuildFile; fileRef = 225B96AB293253F900808B04 /* GoogleService-Info.plist */; };
		225B96B029325B5D00808B04 /* LoginViewController.swift in Sources */ = {isa = PBXBuildFile; fileRef = 225B96AF29325B5D00808B04 /* LoginViewController.swift */; };
		225B96B229325F4D00808B04 /* RegisterViewController.swift in Sources */ = {isa = PBXBuildFile; fileRef = 225B96B129325F4D00808B04 /* RegisterViewController.swift */; };
/* End PBXBuildFile section */

/* Begin PBXFileReference section */
		225B965D29324E3B00808B04 /* LoginFirebase.app */ = {isa = PBXFileReference; explicitFileType = wrapper.application; includeInIndex = 0; path = LoginFirebase.app; sourceTree = BUILT_PRODUCTS_DIR; };
		225B966029324E3B00808B04 /* AppDelegate.swift */ = {isa = PBXFileReference; lastKnownFileType = sourcecode.swift; path = AppDelegate.swift; sourceTree = "<group>"; };
		225B966229324E3B00808B04 /* SceneDelegate.swift */ = {isa = PBXFileReference; lastKnownFileType = sourcecode.swift; path = SceneDelegate.swift; sourceTree = "<group>"; };
		225B966429324E3B00808B04 /* ViewController.swift */ = {isa = PBXFileReference; lastKnownFileType = sourcecode.swift; path = ViewController.swift; sourceTree = "<group>"; };
		225B966729324E3B00808B04 /* Base */ = {isa = PBXFileReference; lastKnownFileType = file.storyboard; name = Base; path = Base.lproj/Main.storyboard; sourceTree = "<group>"; };
		225B966929324E3C00808B04 /* Assets.xcassets */ = {isa = PBXFileReference; lastKnownFileType = folder.assetcatalog; path = Assets.xcassets; sourceTree = "<group>"; };
		225B966C29324E3C00808B04 /* Base */ = {isa = PBXFileReference; lastKnownFileType = file.storyboard; name = Base; path = Base.lproj/LaunchScreen.storyboard; sourceTree = "<group>"; };
		225B966E29324E3C00808B04 /* Info.plist */ = {isa = PBXFileReference; lastKnownFileType = text.plist.xml; path = Info.plist; sourceTree = "<group>"; };
		225B96AB293253F900808B04 /* GoogleService-Info.plist */ = {isa = PBXFileReference; fileEncoding = 4; lastKnownFileType = text.plist.xml; path = "GoogleService-Info.plist"; sourceTree = "<group>"; };
		225B96AF29325B5D00808B04 /* LoginViewController.swift */ = {isa = PBXFileReference; lastKnownFileType = sourcecode.swift; path = LoginViewController.swift; sourceTree = "<group>"; };
		225B96B129325F4D00808B04 /* RegisterViewController.swift */ = {isa = PBXFileReference; lastKnownFileType = sourcecode.swift; path = RegisterViewController.swift; sourceTree = "<group>"; };
/* End PBXFileReference section */

/* Begin PBXFrameworksBuildPhase section */
		225B965A29324E3B00808B04 /* Frameworks */ = {
			isa = PBXFrameworksBuildPhase;
			buildActionMask = 2147483647;
			files = (
				225B96882932503600808B04 /* FirebaseDatabase in Frameworks */,
				225B96962932503600808B04 /* FirebaseFunctionsCombine-Community in Frameworks */,
				225B968E2932503600808B04 /* FirebaseFirestore in Frameworks */,
				225B967A2932503600808B04 /* FirebaseAnalyticsSwift in Frameworks */,
				225B96762932503600808B04 /* FirebaseAnalytics in Frameworks */,
				225B96782932503600808B04 /* FirebaseAnalyticsOnDeviceConversion in Frameworks */,
				225B969E2932503600808B04 /* FirebaseMLModelDownloader in Frameworks */,
				225B96922932503600808B04 /* FirebaseFirestoreSwift in Frameworks */,
				225B967E2932503600808B04 /* FirebaseAppCheck in Frameworks */,
				225B967C2932503600808B04 /* FirebaseAnalyticsWithoutAdIdSupport in Frameworks */,
				225B96822932503600808B04 /* FirebaseAuth in Frameworks */,
				225B96862932503600808B04 /* FirebaseCrashlytics in Frameworks */,
				225B96A62932503600808B04 /* FirebaseRemoteConfigSwift in Frameworks */,
				225B96982932503600808B04 /* FirebaseInAppMessaging-Beta in Frameworks */,
				225B968A2932503600808B04 /* FirebaseDatabaseSwift in Frameworks */,
				225B96942932503600808B04 /* FirebaseFunctions in Frameworks */,
				225B96AA2932503600808B04 /* FirebaseStorageCombine-Community in Frameworks */,
				225B96A42932503600808B04 /* FirebaseRemoteConfig in Frameworks */,
				225B96802932503600808B04 /* FirebaseAppDistribution-Beta in Frameworks */,
				225B96842932503600808B04 /* FirebaseAuthCombine-Community in Frameworks */,
				225B96A22932503600808B04 /* FirebasePerformance in Frameworks */,
				225B969A2932503600808B04 /* FirebaseInAppMessagingSwift-Beta in Frameworks */,
				225B96A82932503600808B04 /* FirebaseStorage in Frameworks */,
				225B968C2932503600808B04 /* FirebaseDynamicLinks in Frameworks */,
				225B96902932503600808B04 /* FirebaseFirestoreCombine-Community in Frameworks */,
				225B96A02932503600808B04 /* FirebaseMessaging in Frameworks */,
				225B969C2932503600808B04 /* FirebaseInstallations in Frameworks */,
			);
			runOnlyForDeploymentPostprocessing = 0;
		};
/* End PBXFrameworksBuildPhase section */

/* Begin PBXGroup section */
		225B965429324E3B00808B04 = {
			isa = PBXGroup;
			children = (
				225B965F29324E3B00808B04 /* LoginFirebase */,
				225B965E29324E3B00808B04 /* Products */,
			);
			sourceTree = "<group>";
		};
		225B965E29324E3B00808B04 /* Products */ = {
			isa = PBXGroup;
			children = (
				225B965D29324E3B00808B04 /* LoginFirebase.app */,
			);
			name = Products;
			sourceTree = "<group>";
		};
		225B965F29324E3B00808B04 /* LoginFirebase */ = {
			isa = PBXGroup;
			children = (
				225B966029324E3B00808B04 /* AppDelegate.swift */,
				225B966229324E3B00808B04 /* SceneDelegate.swift */,
				225B966429324E3B00808B04 /* ViewController.swift */,
				225B96AF29325B5D00808B04 /* LoginViewController.swift */,
				225B96B129325F4D00808B04 /* RegisterViewController.swift */,
				225B966629324E3B00808B04 /* Main.storyboard */,
				225B966929324E3C00808B04 /* Assets.xcassets */,
				225B966B29324E3C00808B04 /* LaunchScreen.storyboard */,
				225B966E29324E3C00808B04 /* Info.plist */,
				225B96AB293253F900808B04 /* GoogleService-Info.plist */,
			);
			path = LoginFirebase;
			sourceTree = "<group>";
		};
/* End PBXGroup section */

/* Begin PBXNativeTarget section */
		225B965C29324E3B00808B04 /* LoginFirebase */ = {
			isa = PBXNativeTarget;
			buildConfigurationList = 225B967129324E3C00808B04 /* Build configuration list for PBXNativeTarget "LoginFirebase" */;
			buildPhases = (
				225B965929324E3B00808B04 /* Sources */,
				225B965A29324E3B00808B04 /* Frameworks */,
				225B965B29324E3B00808B04 /* Resources */,
			);
			buildRules = (
			);
			dependencies = (
			);
			name = LoginFirebase;
			packageProductDependencies = (
				225B96752932503600808B04 /* FirebaseAnalytics */,
				225B96772932503600808B04 /* FirebaseAnalyticsOnDeviceConversion */,
				225B96792932503600808B04 /* FirebaseAnalyticsSwift */,
				225B967B2932503600808B04 /* FirebaseAnalyticsWithoutAdIdSupport */,
				225B967D2932503600808B04 /* FirebaseAppCheck */,
				225B967F2932503600808B04 /* FirebaseAppDistribution-Beta */,
				225B96812932503600808B04 /* FirebaseAuth */,
				225B96832932503600808B04 /* FirebaseAuthCombine-Community */,
				225B96852932503600808B04 /* FirebaseCrashlytics */,
				225B96872932503600808B04 /* FirebaseDatabase */,
				225B96892932503600808B04 /* FirebaseDatabaseSwift */,
				225B968B2932503600808B04 /* FirebaseDynamicLinks */,
				225B968D2932503600808B04 /* FirebaseFirestore */,
				225B968F2932503600808B04 /* FirebaseFirestoreCombine-Community */,
				225B96912932503600808B04 /* FirebaseFirestoreSwift */,
				225B96932932503600808B04 /* FirebaseFunctions */,
				225B96952932503600808B04 /* FirebaseFunctionsCombine-Community */,
				225B96972932503600808B04 /* FirebaseInAppMessaging-Beta */,
				225B96992932503600808B04 /* FirebaseInAppMessagingSwift-Beta */,
				225B969B2932503600808B04 /* FirebaseInstallations */,
				225B969D2932503600808B04 /* FirebaseMLModelDownloader */,
				225B969F2932503600808B04 /* FirebaseMessaging */,
				225B96A12932503600808B04 /* FirebasePerformance */,
				225B96A32932503600808B04 /* FirebaseRemoteConfig */,
				225B96A52932503600808B04 /* FirebaseRemoteConfigSwift */,
				225B96A72932503600808B04 /* FirebaseStorage */,
				225B96A92932503600808B04 /* FirebaseStorageCombine-Community */,
			);
			productName = LoginFirebase;
			productReference = 225B965D29324E3B00808B04 /* LoginFirebase.app */;
			productType = "com.apple.product-type.application";
		};
/* End PBXNativeTarget section */

/* Begin PBXProject section */
		225B965529324E3B00808B04 /* Project object */ = {
			isa = PBXProject;
			attributes = {
				BuildIndependentTargetsInParallel = 1;
				LastSwiftUpdateCheck = 1410;
				LastUpgradeCheck = 1410;
				TargetAttributes = {
					225B965C29324E3B00808B04 = {
						CreatedOnToolsVersion = 14.1;
					};
				};
			};
			buildConfigurationList = 225B965829324E3B00808B04 /* Build configuration list for PBXProject "LoginFirebase" */;
			compatibilityVersion = "Xcode 14.0";
			developmentRegion = en;
			hasScannedForEncodings = 0;
			knownRegions = (
				en,
				Base,
			);
			mainGroup = 225B965429324E3B00808B04;
			packageReferences = (
				225B96742932503600808B04 /* XCRemoteSwiftPackageReference "firebase-ios-sdk" */,
			);
			productRefGroup = 225B965E29324E3B00808B04 /* Products */;
			projectDirPath = "";
			projectRoot = "";
			targets = (
				225B965C29324E3B00808B04 /* LoginFirebase */,
			);
		};
/* End PBXProject section */

/* Begin PBXResourcesBuildPhase section */
		225B965B29324E3B00808B04 /* Resources */ = {
			isa = PBXResourcesBuildPhase;
			buildActionMask = 2147483647;
			files = (
				225B966D29324E3C00808B04 /* LaunchScreen.storyboard in Resources */,
				225B96AC293253F900808B04 /* GoogleService-Info.plist in Resources */,
				225B966A29324E3C00808B04 /* Assets.xcassets in Resources */,
				225B966829324E3B00808B04 /* Main.storyboard in Resources */,
			);
			runOnlyForDeploymentPostprocessing = 0;
		};
/* End PBXResourcesBuildPhase section */

/* Begin PBXSourcesBuildPhase section */
		225B965929324E3B00808B04 /* Sources */ = {
			isa = PBXSourcesBuildPhase;
			buildActionMask = 2147483647;
			files = (
				225B96B029325B5D00808B04 /* LoginViewController.swift in Sources */,
				225B96B229325F4D00808B04 /* RegisterViewController.swift in Sources */,
				225B966529324E3B00808B04 /* ViewController.swift in Sources */,
				225B966129324E3B00808B04 /* AppDelegate.swift in Sources */,
				225B966329324E3B00808B04 /* SceneDelegate.swift in Sources */,
			);
			runOnlyForDeploymentPostprocessing = 0;
		};
/* End PBXSourcesBuildPhase section */

/* Begin PBXVariantGroup section */
		225B966629324E3B00808B04 /* Main.storyboard */ = {
			isa = PBXVariantGroup;
			children = (
				225B966729324E3B00808B04 /* Base */,
			);
			name = Main.storyboard;
			sourceTree = "<group>";
		};
		225B966B29324E3C00808B04 /* LaunchScreen.storyboard */ = {
			isa = PBXVariantGroup;
			children = (
				225B966C29324E3C00808B04 /* Base */,
			);
			name = LaunchScreen.storyboard;
			sourceTree = "<group>";
		};
/* End PBXVariantGroup section */

/* Begin XCBuildConfiguration section */
		225B966F29324E3C00808B04 /* Debug */ = {
			isa = XCBuildConfiguration;
			buildSettings = {
				ALWAYS_SEARCH_USER_PATHS = NO;
				CLANG_ANALYZER_NONNULL = YES;
				CLANG_ANALYZER_NUMBER_OBJECT_CONVERSION = YES_AGGRESSIVE;
				CLANG_CXX_LANGUAGE_STANDARD = "gnu++20";
				CLANG_ENABLE_MODULES = YES;
				CLANG_ENABLE_OBJC_ARC = YES;
				CLANG_ENABLE_OBJC_WEAK = YES;
				CLANG_WARN_BLOCK_CAPTURE_AUTORELEASING = YES;
				CLANG_WARN_BOOL_CONVERSION = YES;
				CLANG_WARN_COMMA = YES;
				CLANG_WARN_CONSTANT_CONVERSION = YES;
				CLANG_WARN_DEPRECATED_OBJC_IMPLEMENTATIONS = YES;
				CLANG_WARN_DIRECT_OBJC_ISA_USAGE = YES_ERROR;
				CLANG_WARN_DOCUMENTATION_COMMENTS = YES;
				CLANG_WARN_EMPTY_BODY = YES;
				CLANG_WARN_ENUM_CONVERSION = YES;
				CLANG_WARN_INFINITE_RECURSION = YES;
				CLANG_WARN_INT_CONVERSION = YES;
				CLANG_WARN_NON_LITERAL_NULL_CONVERSION = YES;
				CLANG_WARN_OBJC_IMPLICIT_RETAIN_SELF = YES;
				CLANG_WARN_OBJC_LITERAL_CONVERSION = YES;
				CLANG_WARN_OBJC_ROOT_CLASS = YES_ERROR;
				CLANG_WARN_QUOTED_INCLUDE_IN_FRAMEWORK_HEADER = YES;
				CLANG_WARN_RANGE_LOOP_ANALYSIS = YES;
				CLANG_WARN_STRICT_PROTOTYPES = YES;
				CLANG_WARN_SUSPICIOUS_MOVE = YES;
				CLANG_WARN_UNGUARDED_AVAILABILITY = YES_AGGRESSIVE;
				CLANG_WARN_UNREACHABLE_CODE = YES;
				CLANG_WARN__DUPLICATE_METHOD_MATCH = YES;
				COPY_PHASE_STRIP = NO;
				DEBUG_INFORMATION_FORMAT = dwarf;
				ENABLE_STRICT_OBJC_MSGSEND = YES;
				ENABLE_TESTABILITY = YES;
				GCC_C_LANGUAGE_STANDARD = gnu11;
				GCC_DYNAMIC_NO_PIC = NO;
				GCC_NO_COMMON_BLOCKS = YES;
				GCC_OPTIMIZATION_LEVEL = 0;
				GCC_PREPROCESSOR_DEFINITIONS = (
					"DEBUG=1",
					"$(inherited)",
				);
				GCC_WARN_64_TO_32_BIT_CONVERSION = YES;
				GCC_WARN_ABOUT_RETURN_TYPE = YES_ERROR;
				GCC_WARN_UNDECLARED_SELECTOR = YES;
				GCC_WARN_UNINITIALIZED_AUTOS = YES_AGGRESSIVE;
				GCC_WARN_UNUSED_FUNCTION = YES;
				GCC_WARN_UNUSED_VARIABLE = YES;
				IPHONEOS_DEPLOYMENT_TARGET = 16.1;
				MTL_ENABLE_DEBUG_INFO = INCLUDE_SOURCE;
				MTL_FAST_MATH = YES;
				ONLY_ACTIVE_ARCH = YES;
				SDKROOT = iphoneos;
				SWIFT_ACTIVE_COMPILATION_CONDITIONS = DEBUG;
				SWIFT_OPTIMIZATION_LEVEL = "-Onone";
			};
			name = Debug;
		};
		225B967029324E3C00808B04 /* Release */ = {
			isa = XCBuildConfiguration;
			buildSettings = {
				ALWAYS_SEARCH_USER_PATHS = NO;
				CLANG_ANALYZER_NONNULL = YES;
				CLANG_ANALYZER_NUMBER_OBJECT_CONVERSION = YES_AGGRESSIVE;
				CLANG_CXX_LANGUAGE_STANDARD = "gnu++20";
				CLANG_ENABLE_MODULES = YES;
				CLANG_ENABLE_OBJC_ARC = YES;
				CLANG_ENABLE_OBJC_WEAK = YES;
				CLANG_WARN_BLOCK_CAPTURE_AUTORELEASING = YES;
				CLANG_WARN_BOOL_CONVERSION = YES;
				CLANG_WARN_COMMA = YES;
				CLANG_WARN_CONSTANT_CONVERSION = YES;
				CLANG_WARN_DEPRECATED_OBJC_IMPLEMENTATIONS = YES;
				CLANG_WARN_DIRECT_OBJC_ISA_USAGE = YES_ERROR;
				CLANG_WARN_DOCUMENTATION_COMMENTS = YES;
				CLANG_WARN_EMPTY_BODY = YES;
				CLANG_WARN_ENUM_CONVERSION = YES;
				CLANG_WARN_INFINITE_RECURSION = YES;
				CLANG_WARN_INT_CONVERSION = YES;
				CLANG_WARN_NON_LITERAL_NULL_CONVERSION = YES;
				CLANG_WARN_OBJC_IMPLICIT_RETAIN_SELF = YES;
				CLANG_WARN_OBJC_LITERAL_CONVERSION = YES;
				CLANG_WARN_OBJC_ROOT_CLASS = YES_ERROR;
				CLANG_WARN_QUOTED_INCLUDE_IN_FRAMEWORK_HEADER = YES;
				CLANG_WARN_RANGE_LOOP_ANALYSIS = YES;
				CLANG_WARN_STRICT_PROTOTYPES = YES;
				CLANG_WARN_SUSPICIOUS_MOVE = YES;
				CLANG_WARN_UNGUARDED_AVAILABILITY = YES_AGGRESSIVE;
				CLANG_WARN_UNREACHABLE_CODE = YES;
				CLANG_WARN__DUPLICATE_METHOD_MATCH = YES;
				COPY_PHASE_STRIP = NO;
				DEBUG_INFORMATION_FORMAT = "dwarf-with-dsym";
				ENABLE_NS_ASSERTIONS = NO;
				ENABLE_STRICT_OBJC_MSGSEND = YES;
				GCC_C_LANGUAGE_STANDARD = gnu11;
				GCC_NO_COMMON_BLOCKS = YES;
				GCC_WARN_64_TO_32_BIT_CONVERSION = YES;
				GCC_WARN_ABOUT_RETURN_TYPE = YES_ERROR;
				GCC_WARN_UNDECLARED_SELECTOR = YES;
				GCC_WARN_UNINITIALIZED_AUTOS = YES_AGGRESSIVE;
				GCC_WARN_UNUSED_FUNCTION = YES;
				GCC_WARN_UNUSED_VARIABLE = YES;
				IPHONEOS_DEPLOYMENT_TARGET = 16.1;
				MTL_ENABLE_DEBUG_INFO = NO;
				MTL_FAST_MATH = YES;
				SDKROOT = iphoneos;
				SWIFT_COMPILATION_MODE = wholemodule;
				SWIFT_OPTIMIZATION_LEVEL = "-O";
				VALIDATE_PRODUCT = YES;
			};
			name = Release;
		};
		225B967229324E3C00808B04 /* Debug */ = {
			isa = XCBuildConfiguration;
			buildSettings = {
				ASSETCATALOG_COMPILER_APPICON_NAME = AppIcon;
				ASSETCATALOG_COMPILER_GLOBAL_ACCENT_COLOR_NAME = AccentColor;
				CODE_SIGN_STYLE = Automatic;
				CURRENT_PROJECT_VERSION = 1;
				DEVELOPMENT_TEAM = 647MFA6TDC;
				GENERATE_INFOPLIST_FILE = YES;
				INFOPLIST_FILE = LoginFirebase/Info.plist;
				INFOPLIST_KEY_UIApplicationSupportsIndirectInputEvents = YES;
				INFOPLIST_KEY_UILaunchStoryboardName = LaunchScreen;
				INFOPLIST_KEY_UIMainStoryboardFile = Main;
				INFOPLIST_KEY_UISupportedInterfaceOrientations_iPad = "UIInterfaceOrientationPortrait UIInterfaceOrientationPortraitUpsideDown UIInterfaceOrientationLandscapeLeft UIInterfaceOrientationLandscapeRight";
				INFOPLIST_KEY_UISupportedInterfaceOrientations_iPhone = "UIInterfaceOrientationPortrait UIInterfaceOrientationLandscapeLeft UIInterfaceOrientationLandscapeRight";
				LD_RUNPATH_SEARCH_PATHS = (
					"$(inherited)",
					"@executable_path/Frameworks",
				);
				MARKETING_VERSION = 1.0;
				PRODUCT_BUNDLE_IDENTIFIER = sevio.LoginFirebase;
				PRODUCT_NAME = "$(TARGET_NAME)";
				SWIFT_EMIT_LOC_STRINGS = YES;
				SWIFT_VERSION = 5.0;
				TARGETED_DEVICE_FAMILY = "1,2";
			};
			name = Debug;
		};
		225B967329324E3C00808B04 /* Release */ = {
			isa = XCBuildConfiguration;
			buildSettings = {
				ASSETCATALOG_COMPILER_APPICON_NAME = AppIcon;
				ASSETCATALOG_COMPILER_GLOBAL_ACCENT_COLOR_NAME = AccentColor;
				CODE_SIGN_STYLE = Automatic;
				CURRENT_PROJECT_VERSION = 1;
				DEVELOPMENT_TEAM = 647MFA6TDC;
				GENERATE_INFOPLIST_FILE = YES;
				INFOPLIST_FILE = LoginFirebase/Info.plist;
				INFOPLIST_KEY_UIApplicationSupportsIndirectInputEvents = YES;
				INFOPLIST_KEY_UILaunchStoryboardName = LaunchScreen;
				INFOPLIST_KEY_UIMainStoryboardFile = Main;
				INFOPLIST_KEY_UISupportedInterfaceOrientations_iPad = "UIInterfaceOrientationPortrait UIInterfaceOrientationPortraitUpsideDown UIInterfaceOrientationLandscapeLeft UIInterfaceOrientationLandscapeRight";
				INFOPLIST_KEY_UISupportedInterfaceOrientations_iPhone = "UIInterfaceOrientationPortrait UIInterfaceOrientationLandscapeLeft UIInterfaceOrientationLandscapeRight";
				LD_RUNPATH_SEARCH_PATHS = (
					"$(inherited)",
					"@executable_path/Frameworks",
				);
				MARKETING_VERSION = 1.0;
				PRODUCT_BUNDLE_IDENTIFIER = sevio.LoginFirebase;
				PRODUCT_NAME = "$(TARGET_NAME)";
				SWIFT_EMIT_LOC_STRINGS = YES;
				SWIFT_VERSION = 5.0;
				TARGETED_DEVICE_FAMILY = "1,2";
			};
			name = Release;
		};
/* End XCBuildConfiguration section */

/* Begin XCConfigurationList section */
		225B965829324E3B00808B04 /* Build configuration list for PBXProject "LoginFirebase" */ = {
			isa = XCConfigurationList;
			buildConfigurations = (
				225B966F29324E3C00808B04 /* Debug */,
				225B967029324E3C00808B04 /* Release */,
			);
			defaultConfigurationIsVisible = 0;
			defaultConfigurationName = Release;
		};
		225B967129324E3C00808B04 /* Build configuration list for PBXNativeTarget "LoginFirebase" */ = {
			isa = XCConfigurationList;
			buildConfigurations = (
				225B967229324E3C00808B04 /* Debug */,
				225B967329324E3C00808B04 /* Release */,
			);
			defaultConfigurationIsVisible = 0;
			defaultConfigurationName = Release;
		};
/* End XCConfigurationList section */

/* Begin XCRemoteSwiftPackageReference section */
		225B96742932503600808B04 /* XCRemoteSwiftPackageReference "firebase-ios-sdk" */ = {
			isa = XCRemoteSwiftPackageReference;
			repositoryURL = "https://github.com/firebase/firebase-ios-sdk";
			requirement = {
				kind = upToNextMajorVersion;
				minimumVersion = 10.2.0;
			};
		};
/* End XCRemoteSwiftPackageReference section */

/* Begin XCSwiftPackageProductDependency section */
		225B96752932503600808B04 /* FirebaseAnalytics */ = {
			isa = XCSwiftPackageProductDependency;
			package = 225B96742932503600808B04 /* XCRemoteSwiftPackageReference "firebase-ios-sdk" */;
			productName = FirebaseAnalytics;
		};
		225B96772932503600808B04 /* FirebaseAnalyticsOnDeviceConversion */ = {
			isa = XCSwiftPackageProductDependency;
			package = 225B96742932503600808B04 /* XCRemoteSwiftPackageReference "firebase-ios-sdk" */;
			productName = FirebaseAnalyticsOnDeviceConversion;
		};
		225B96792932503600808B04 /* FirebaseAnalyticsSwift */ = {
			isa = XCSwiftPackageProductDependency;
			package = 225B96742932503600808B04 /* XCRemoteSwiftPackageReference "firebase-ios-sdk" */;
			productName = FirebaseAnalyticsSwift;
		};
		225B967B2932503600808B04 /* FirebaseAnalyticsWithoutAdIdSupport */ = {
			isa = XCSwiftPackageProductDependency;
			package = 225B96742932503600808B04 /* XCRemoteSwiftPackageReference "firebase-ios-sdk" */;
			productName = FirebaseAnalyticsWithoutAdIdSupport;
		};
		225B967D2932503600808B04 /* FirebaseAppCheck */ = {
			isa = XCSwiftPackageProductDependency;
			package = 225B96742932503600808B04 /* XCRemoteSwiftPackageReference "firebase-ios-sdk" */;
			productName = FirebaseAppCheck;
		};
		225B967F2932503600808B04 /* FirebaseAppDistribution-Beta */ = {
			isa = XCSwiftPackageProductDependency;
			package = 225B96742932503600808B04 /* XCRemoteSwiftPackageReference "firebase-ios-sdk" */;
			productName = "FirebaseAppDistribution-Beta";
		};
		225B96812932503600808B04 /* FirebaseAuth */ = {
			isa = XCSwiftPackageProductDependency;
			package = 225B96742932503600808B04 /* XCRemoteSwiftPackageReference "firebase-ios-sdk" */;
			productName = FirebaseAuth;
		};
		225B96832932503600808B04 /* FirebaseAuthCombine-Community */ = {
			isa = XCSwiftPackageProductDependency;
			package = 225B96742932503600808B04 /* XCRemoteSwiftPackageReference "firebase-ios-sdk" */;
			productName = "FirebaseAuthCombine-Community";
		};
		225B96852932503600808B04 /* FirebaseCrashlytics */ = {
			isa = XCSwiftPackageProductDependency;
			package = 225B96742932503600808B04 /* XCRemoteSwiftPackageReference "firebase-ios-sdk" */;
			productName = FirebaseCrashlytics;
		};
		225B96872932503600808B04 /* FirebaseDatabase */ = {
			isa = XCSwiftPackageProductDependency;
			package = 225B96742932503600808B04 /* XCRemoteSwiftPackageReference "firebase-ios-sdk" */;
			productName = FirebaseDatabase;
		};
		225B96892932503600808B04 /* FirebaseDatabaseSwift */ = {
			isa = XCSwiftPackageProductDependency;
			package = 225B96742932503600808B04 /* XCRemoteSwiftPackageReference "firebase-ios-sdk" */;
			productName = FirebaseDatabaseSwift;
		};
		225B968B2932503600808B04 /* FirebaseDynamicLinks */ = {
			isa = XCSwiftPackageProductDependency;
			package = 225B96742932503600808B04 /* XCRemoteSwiftPackageReference "firebase-ios-sdk" */;
			productName = FirebaseDynamicLinks;
		};
		225B968D2932503600808B04 /* FirebaseFirestore */ = {
			isa = XCSwiftPackageProductDependency;
			package = 225B96742932503600808B04 /* XCRemoteSwiftPackageReference "firebase-ios-sdk" */;
			productName = FirebaseFirestore;
		};
		225B968F2932503600808B04 /* FirebaseFirestoreCombine-Community */ = {
			isa = XCSwiftPackageProductDependency;
			package = 225B96742932503600808B04 /* XCRemoteSwiftPackageReference "firebase-ios-sdk" */;
			productName = "FirebaseFirestoreCombine-Community";
		};
		225B96912932503600808B04 /* FirebaseFirestoreSwift */ = {
			isa = XCSwiftPackageProductDependency;
			package = 225B96742932503600808B04 /* XCRemoteSwiftPackageReference "firebase-ios-sdk" */;
			productName = FirebaseFirestoreSwift;
		};
		225B96932932503600808B04 /* FirebaseFunctions */ = {
			isa = XCSwiftPackageProductDependency;
			package = 225B96742932503600808B04 /* XCRemoteSwiftPackageReference "firebase-ios-sdk" */;
			productName = FirebaseFunctions;
		};
		225B96952932503600808B04 /* FirebaseFunctionsCombine-Community */ = {
			isa = XCSwiftPackageProductDependency;
			package = 225B96742932503600808B04 /* XCRemoteSwiftPackageReference "firebase-ios-sdk" */;
			productName = "FirebaseFunctionsCombine-Community";
		};
		225B96972932503600808B04 /* FirebaseInAppMessaging-Beta */ = {
			isa = XCSwiftPackageProductDependency;
			package = 225B96742932503600808B04 /* XCRemoteSwiftPackageReference "firebase-ios-sdk" */;
			productName = "FirebaseInAppMessaging-Beta";
		};
		225B96992932503600808B04 /* FirebaseInAppMessagingSwift-Beta */ = {
			isa = XCSwiftPackageProductDependency;
			package = 225B96742932503600808B04 /* XCRemoteSwiftPackageReference "firebase-ios-sdk" */;
			productName = "FirebaseInAppMessagingSwift-Beta";
		};
		225B969B2932503600808B04 /* FirebaseInstallations */ = {
			isa = XCSwiftPackageProductDependency;
			package = 225B96742932503600808B04 /* XCRemoteSwiftPackageReference "firebase-ios-sdk" */;
			productName = FirebaseInstallations;
		};
		225B969D2932503600808B04 /* FirebaseMLModelDownloader */ = {
			isa = XCSwiftPackageProductDependency;
			package = 225B96742932503600808B04 /* XCRemoteSwiftPackageReference "firebase-ios-sdk" */;
			productName = FirebaseMLModelDownloader;
		};
		225B969F2932503600808B04 /* FirebaseMessaging */ = {
			isa = XCSwiftPackageProductDependency;
			package = 225B96742932503600808B04 /* XCRemoteSwiftPackageReference "firebase-ios-sdk" */;
			productName = FirebaseMessaging;
		};
		225B96A12932503600808B04 /* FirebasePerformance */ = {
			isa = XCSwiftPackageProductDependency;
			package = 225B96742932503600808B04 /* XCRemoteSwiftPackageReference "firebase-ios-sdk" */;
			productName = FirebasePerformance;
		};
		225B96A32932503600808B04 /* FirebaseRemoteConfig */ = {
			isa = XCSwiftPackageProductDependency;
			package = 225B96742932503600808B04 /* XCRemoteSwiftPackageReference "firebase-ios-sdk" */;
			productName = FirebaseRemoteConfig;
		};
		225B96A52932503600808B04 /* FirebaseRemoteConfigSwift */ = {
			isa = XCSwiftPackageProductDependency;
			package = 225B96742932503600808B04 /* XCRemoteSwiftPackageReference "firebase-ios-sdk" */;
			productName = FirebaseRemoteConfigSwift;
		};
		225B96A72932503600808B04 /* FirebaseStorage */ = {
			isa = XCSwiftPackageProductDependency;
			package = 225B96742932503600808B04 /* XCRemoteSwiftPackageReference "firebase-ios-sdk" */;
			productName = FirebaseStorage;
		};
		225B96A92932503600808B04 /* FirebaseStorageCombine-Community */ = {
			isa = XCSwiftPackageProductDependency;
			package = 225B96742932503600808B04 /* XCRemoteSwiftPackageReference "firebase-ios-sdk" */;
			productName = "FirebaseStorageCombine-Community";
		};
/* End XCSwiftPackageProductDependency section */
	};
	rootObject = 225B965529324E3B00808B04 /* Project object */;
}
